# This file is automatically @generated by Cargo.
# It is not intended for manual editing.
version = 3

[[package]]
name = "const-str"
version = "0.5.7"
source = "registry+https://github.com/rust-lang/crates.io-index"
checksum = "3618cccc083bb987a415d85c02ca6c9994ea5b44731ec28b9ecf09658655fba9"

[[package]]
name = "md5"
version = "0.7.0"
source = "registry+https://github.com/rust-lang/crates.io-index"
checksum = "490cc448043f947bae3cbee9c203358d62dbee0db12107a74be5c30ccfd09771"

[[package]]
name = "rust_test"
version = "0.1.0"
dependencies = [
 "const-str",
 "md5",
]
